// !$*UTF8*$!
{
	archiveVersion = 1;
	classes = {
	};
	objectVersion = 46;
	objects = {

/* Begin PBXBuildFile section */
		9F632AD218D099B700256407 /* Foundation.framework in Frameworks */ = {isa = PBXBuildFile; fileRef = 9F632AD118D099B700256407 /* Foundation.framework */; };
		9F632AD418D099B700256407 /* CoreGraphics.framework in Frameworks */ = {isa = PBXBuildFile; fileRef = 9F632AD318D099B700256407 /* CoreGraphics.framework */; };
		9F632AD618D099B700256407 /* UIKit.framework in Frameworks */ = {isa = PBXBuildFile; fileRef = 9F632AD518D099B700256407 /* UIKit.framework */; };
		9F632ADC18D099B700256407 /* InfoPlist.strings in Resources */ = {isa = PBXBuildFile; fileRef = 9F632ADA18D099B700256407 /* InfoPlist.strings */; };
		9F632ADE18D099B700256407 /* main.m in Sources */ = {isa = PBXBuildFile; fileRef = 9F632ADD18D099B700256407 /* main.m */; };
		9F632AE218D099B700256407 /* AppDelegate.m in Sources */ = {isa = PBXBuildFile; fileRef = 9F632AE118D099B700256407 /* AppDelegate.m */; };
		9F632AE818D099B700256407 /* ViewController.m in Sources */ = {isa = PBXBuildFile; fileRef = 9F632AE718D099B700256407 /* ViewController.m */; };
		9F632AEA18D099B700256407 /* Images.xcassets in Resources */ = {isa = PBXBuildFile; fileRef = 9F632AE918D099B700256407 /* Images.xcassets */; };
		9F632AF118D099B700256407 /* XCTest.framework in Frameworks */ = {isa = PBXBuildFile; fileRef = 9F632AF018D099B700256407 /* XCTest.framework */; };
		9F632AF218D099B700256407 /* Foundation.framework in Frameworks */ = {isa = PBXBuildFile; fileRef = 9F632AD118D099B700256407 /* Foundation.framework */; };
		9F632AF318D099B700256407 /* UIKit.framework in Frameworks */ = {isa = PBXBuildFile; fileRef = 9F632AD518D099B700256407 /* UIKit.framework */; };
		9F632AFB18D099B700256407 /* InfoPlist.strings in Resources */ = {isa = PBXBuildFile; fileRef = 9F632AF918D099B700256407 /* InfoPlist.strings */; };
		9F632AFD18D099B700256407 /* ASMailChimpDemoTests.m in Sources */ = {isa = PBXBuildFile; fileRef = 9F632AFC18D099B700256407 /* ASMailChimpDemoTests.m */; };
		9F632B0718D09A7B00256407 /* ViewController.xib in Resources */ = {isa = PBXBuildFile; fileRef = 9F632B0618D09A7B00256407 /* ViewController.xib */; };
		9F632B0B18D09AE600256407 /* ASMailChimp.m in Sources */ = {isa = PBXBuildFile; fileRef = 9F632B0A18D09AE600256407 /* ASMailChimp.m */; };
/* End PBXBuildFile section */

/* Begin PBXContainerItemProxy section */
		9F632AF418D099B700256407 /* PBXContainerItemProxy */ = {
			isa = PBXContainerItemProxy;
			containerPortal = 9F632AC618D099B700256407 /* Project object */;
			proxyType = 1;
			remoteGlobalIDString = 9F632ACD18D099B700256407;
			remoteInfo = ASMailChimpDemo;
		};
/* End PBXContainerItemProxy section */

/* Begin PBXFileReference section */
		9F632ACE18D099B700256407 /* ASMailChimpDemo.app */ = {isa = PBXFileReference; explicitFileType = wrapper.application; includeInIndex = 0; path = ASMailChimpDemo.app; sourceTree = BUILT_PRODUCTS_DIR; };
		9F632AD118D099B700256407 /* Foundation.framework */ = {isa = PBXFileReference; lastKnownFileType = wrapper.framework; name = Foundation.framework; path = System/Library/Frameworks/Foundation.framework; sourceTree = SDKROOT; };
		9F632AD318D099B700256407 /* CoreGraphics.framework */ = {isa = PBXFileReference; lastKnownFileType = wrapper.framework; name = CoreGraphics.framework; path = System/Library/Frameworks/CoreGraphics.framework; sourceTree = SDKROOT; };
		9F632AD518D099B700256407 /* UIKit.framework */ = {isa = PBXFileReference; lastKnownFileType = wrapper.framework; name = UIKit.framework; path = System/Library/Frameworks/UIKit.framework; sourceTree = SDKROOT; };
		9F632AD918D099B700256407 /* ASMailChimpDemo-Info.plist */ = {isa = PBXFileReference; lastKnownFileType = text.plist.xml; path = "ASMailChimpDemo-Info.plist"; sourceTree = "<group>"; };
		9F632ADB18D099B700256407 /* en */ = {isa = PBXFileReference; lastKnownFileType = text.plist.strings; name = en; path = en.lproj/InfoPlist.strings; sourceTree = "<group>"; };
		9F632ADD18D099B700256407 /* main.m */ = {isa = PBXFileReference; lastKnownFileType = sourcecode.c.objc; path = main.m; sourceTree = "<group>"; };
		9F632ADF18D099B700256407 /* ASMailChimpDemo-Prefix.pch */ = {isa = PBXFileReference; lastKnownFileType = sourcecode.c.h; path = "ASMailChimpDemo-Prefix.pch"; sourceTree = "<group>"; };
		9F632AE018D099B700256407 /* AppDelegate.h */ = {isa = PBXFileReference; lastKnownFileType = sourcecode.c.h; path = AppDelegate.h; sourceTree = "<group>"; };
		9F632AE118D099B700256407 /* AppDelegate.m */ = {isa = PBXFileReference; lastKnownFileType = sourcecode.c.objc; path = AppDelegate.m; sourceTree = "<group>"; };
		9F632AE618D099B700256407 /* ViewController.h */ = {isa = PBXFileReference; lastKnownFileType = sourcecode.c.h; path = ViewController.h; sourceTree = "<group>"; };
		9F632AE718D099B700256407 /* ViewController.m */ = {isa = PBXFileReference; lastKnownFileType = sourcecode.c.objc; path = ViewController.m; sourceTree = "<group>"; };
		9F632AE918D099B700256407 /* Images.xcassets */ = {isa = PBXFileReference; lastKnownFileType = folder.assetcatalog; name = Images.xcassets; path = ASMailChimpDemo/Images.xcassets; sourceTree = "<group>"; };
		9F632AEF18D099B700256407 /* ASMailChimpDemoTests.xctest */ = {isa = PBXFileReference; explicitFileType = wrapper.cfbundle; includeInIndex = 0; path = ASMailChimpDemoTests.xctest; sourceTree = BUILT_PRODUCTS_DIR; };
		9F632AF018D099B700256407 /* XCTest.framework */ = {isa = PBXFileReference; lastKnownFileType = wrapper.framework; name = XCTest.framework; path = Library/Frameworks/XCTest.framework; sourceTree = DEVELOPER_DIR; };
		9F632AF818D099B700256407 /* ASMailChimpDemoTests-Info.plist */ = {isa = PBXFileReference; lastKnownFileType = text.plist.xml; path = "ASMailChimpDemoTests-Info.plist"; sourceTree = "<group>"; };
		9F632AFA18D099B700256407 /* en */ = {isa = PBXFileReference; lastKnownFileType = text.plist.strings; name = en; path = en.lproj/InfoPlist.strings; sourceTree = "<group>"; };
		9F632AFC18D099B700256407 /* ASMailChimpDemoTests.m */ = {isa = PBXFileReference; lastKnownFileType = sourcecode.c.objc; path = ASMailChimpDemoTests.m; sourceTree = "<group>"; };
		9F632B0618D09A7B00256407 /* ViewController.xib */ = {isa = PBXFileReference; fileEncoding = 4; lastKnownFileType = file.xib; path = ViewController.xib; sourceTree = "<group>"; };
		9F632B0918D09AE600256407 /* ASMailChimp.h */ = {isa = PBXFileReference; fileEncoding = 4; lastKnownFileType = sourcecode.c.h; name = ASMailChimp.h; path = libs/ASMailChimp.h; sourceTree = "<group>"; };
		9F632B0A18D09AE600256407 /* ASMailChimp.m */ = {isa = PBXFileReference; fileEncoding = 4; lastKnownFileType = sourcecode.c.objc; name = ASMailChimp.m; path = libs/ASMailChimp.m; sourceTree = "<group>"; };
/* End PBXFileReference section */

/* Begin PBXFrameworksBuildPhase section */
		9F632ACB18D099B700256407 /* Frameworks */ = {
			isa = PBXFrameworksBuildPhase;
			buildActionMask = 2147483647;
			files = (
				9F632AD418D099B700256407 /* CoreGraphics.framework in Frameworks */,
				9F632AD618D099B700256407 /* UIKit.framework in Frameworks */,
				9F632AD218D099B700256407 /* Foundation.framework in Frameworks */,
			);
			runOnlyForDeploymentPostprocessing = 0;
		};
		9F632AEC18D099B700256407 /* Frameworks */ = {
			isa = PBXFrameworksBuildPhase;
			buildActionMask = 2147483647;
			files = (
				9F632AF118D099B700256407 /* XCTest.framework in Frameworks */,
				9F632AF318D099B700256407 /* UIKit.framework in Frameworks */,
				9F632AF218D099B700256407 /* Foundation.framework in Frameworks */,
			);
			runOnlyForDeploymentPostprocessing = 0;
		};
/* End PBXFrameworksBuildPhase section */

/* Begin PBXGroup section */
		9F632AC518D099B700256407 = {
			isa = PBXGroup;
			children = (
				9F632B0818D09ADA00256407 /* libs */,
				9F632AD718D099B700256407 /* ASMailChimpDemo */,
				9F632AE918D099B700256407 /* Images.xcassets */,
				9F632AD818D099B700256407 /* Supporting Files */,
				9F632AF618D099B700256407 /* ASMailChimpDemoTests */,
				9F632AD018D099B700256407 /* Frameworks */,
				9F632ACF18D099B700256407 /* Products */,
			);
			sourceTree = "<group>";
		};
		9F632ACF18D099B700256407 /* Products */ = {
			isa = PBXGroup;
			children = (
				9F632ACE18D099B700256407 /* ASMailChimpDemo.app */,
				9F632AEF18D099B700256407 /* ASMailChimpDemoTests.xctest */,
			);
			name = Products;
			sourceTree = "<group>";
		};
		9F632AD018D099B700256407 /* Frameworks */ = {
			isa = PBXGroup;
			children = (
				9F632AD118D099B700256407 /* Foundation.framework */,
				9F632AD318D099B700256407 /* CoreGraphics.framework */,
				9F632AD518D099B700256407 /* UIKit.framework */,
				9F632AF018D099B700256407 /* XCTest.framework */,
			);
			name = Frameworks;
			sourceTree = "<group>";
		};
		9F632AD718D099B700256407 /* ASMailChimpDemo */ = {
			isa = PBXGroup;
			children = (
				9F632AE018D099B700256407 /* AppDelegate.h */,
				9F632AE118D099B700256407 /* AppDelegate.m */,
				9F632AE618D099B700256407 /* ViewController.h */,
				9F632AE718D099B700256407 /* ViewController.m */,
				9F632B0618D09A7B00256407 /* ViewController.xib */,
			);
			path = ASMailChimpDemo;
			sourceTree = "<group>";
		};
		9F632AD818D099B700256407 /* Supporting Files */ = {
			isa = PBXGroup;
			children = (
				9F632AD918D099B700256407 /* ASMailChimpDemo-Info.plist */,
				9F632ADA18D099B700256407 /* InfoPlist.strings */,
				9F632ADD18D099B700256407 /* main.m */,
				9F632ADF18D099B700256407 /* ASMailChimpDemo-Prefix.pch */,
			);
			name = "Supporting Files";
			path = ASMailChimpDemo;
			sourceTree = "<group>";
		};
		9F632AF618D099B700256407 /* ASMailChimpDemoTests */ = {
			isa = PBXGroup;
			children = (
				9F632AFC18D099B700256407 /* ASMailChimpDemoTests.m */,
				9F632AF718D099B700256407 /* Supporting Files */,
			);
			path = ASMailChimpDemoTests;
			sourceTree = "<group>";
		};
		9F632AF718D099B700256407 /* Supporting Files */ = {
			isa = PBXGroup;
			children = (
				9F632AF818D099B700256407 /* ASMailChimpDemoTests-Info.plist */,
				9F632AF918D099B700256407 /* InfoPlist.strings */,
			);
			name = "Supporting Files";
			sourceTree = "<group>";
		};
		9F632B0818D09ADA00256407 /* libs */ = {
			isa = PBXGroup;
			children = (
				9F632B0918D09AE600256407 /* ASMailChimp.h */,
				9F632B0A18D09AE600256407 /* ASMailChimp.m */,
			);
			name = libs;
			sourceTree = "<group>";
		};
/* End PBXGroup section */

/* Begin PBXNativeTarget section */
		9F632ACD18D099B700256407 /* ASMailChimpDemo */ = {
			isa = PBXNativeTarget;
			buildConfigurationList = 9F632B0018D099B700256407 /* Build configuration list for PBXNativeTarget "ASMailChimpDemo" */;
			buildPhases = (
				9F632ACA18D099B700256407 /* Sources */,
				9F632ACB18D099B700256407 /* Frameworks */,
				9F632ACC18D099B700256407 /* Resources */,
			);
			buildRules = (
			);
			dependencies = (
			);
			name = ASMailChimpDemo;
			productName = ASMailChimpDemo;
			productReference = 9F632ACE18D099B700256407 /* ASMailChimpDemo.app */;
			productType = "com.apple.product-type.application";
		};
		9F632AEE18D099B700256407 /* ASMailChimpDemoTests */ = {
			isa = PBXNativeTarget;
			buildConfigurationList = 9F632B0318D099B700256407 /* Build configuration list for PBXNativeTarget "ASMailChimpDemoTests" */;
			buildPhases = (
				9F632AEB18D099B700256407 /* Sources */,
				9F632AEC18D099B700256407 /* Frameworks */,
				9F632AED18D099B700256407 /* Resources */,
			);
			buildRules = (
			);
			dependencies = (
				9F632AF518D099B700256407 /* PBXTargetDependency */,
			);
			name = ASMailChimpDemoTests;
			productName = ASMailChimpDemoTests;
			productReference = 9F632AEF18D099B700256407 /* ASMailChimpDemoTests.xctest */;
			productType = "com.apple.product-type.bundle.unit-test";
		};
/* End PBXNativeTarget section */

/* Begin PBXProject section */
		9F632AC618D099B700256407 /* Project object */ = {
			isa = PBXProject;
			attributes = {
				LastUpgradeCheck = 0500;
				ORGANIZATIONNAME = AssembleLabs;
				TargetAttributes = {
					9F632AEE18D099B700256407 = {
						TestTargetID = 9F632ACD18D099B700256407;
					};
				};
			};
			buildConfigurationList = 9F632AC918D099B700256407 /* Build configuration list for PBXProject "ASMailChimpDemo" */;
			compatibilityVersion = "Xcode 3.2";
			developmentRegion = English;
			hasScannedForEncodings = 0;
			knownRegions = (
				en,
				Base,
			);
			mainGroup = 9F632AC518D099B700256407;
			productRefGroup = 9F632ACF18D099B700256407 /* Products */;
			projectDirPath = "";
			projectRoot = "";
			targets = (
				9F632ACD18D099B700256407 /* ASMailChimpDemo */,
				9F632AEE18D099B700256407 /* ASMailChimpDemoTests */,
			);
		};
/* End PBXProject section */

/* Begin PBXResourcesBuildPhase section */
		9F632ACC18D099B700256407 /* Resources */ = {
			isa = PBXResourcesBuildPhase;
			buildActionMask = 2147483647;
			files = (
				9F632AEA18D099B700256407 /* Images.xcassets in Resources */,
				9F632B0718D09A7B00256407 /* ViewController.xib in Resources */,
				9F632ADC18D099B700256407 /* InfoPlist.strings in Resources */,
			);
			runOnlyForDeploymentPostprocessing = 0;
		};
		9F632AED18D099B700256407 /* Resources */ = {
			isa = PBXResourcesBuildPhase;
			buildActionMask = 2147483647;
			files = (
				9F632AFB18D099B700256407 /* InfoPlist.strings in Resources */,
			);
			runOnlyForDeploymentPostprocessing = 0;
		};
/* End PBXResourcesBuildPhase section */

/* Begin PBXSourcesBuildPhase section */
		9F632ACA18D099B700256407 /* Sources */ = {
			isa = PBXSourcesBuildPhase;
			buildActionMask = 2147483647;
			files = (
				9F632B0B18D09AE600256407 /* ASMailChimp.m in Sources */,
				9F632AE818D099B700256407 /* ViewController.m in Sources */,
				9F632AE218D099B700256407 /* AppDelegate.m in Sources */,
				9F632ADE18D099B700256407 /* main.m in Sources */,
			);
			runOnlyForDeploymentPostprocessing = 0;
		};
		9F632AEB18D099B700256407 /* Sources */ = {
			isa = PBXSourcesBuildPhase;
			buildActionMask = 2147483647;
			files = (
				9F632AFD18D099B700256407 /* ASMailChimpDemoTests.m in Sources */,
			);
			runOnlyForDeploymentPostprocessing = 0;
		};
/* End PBXSourcesBuildPhase section */

/* Begin PBXTargetDependency section */
		9F632AF518D099B700256407 /* PBXTargetDependency */ = {
			isa = PBXTargetDependency;
			target = 9F632ACD18D099B700256407 /* ASMailChimpDemo */;
			targetProxy = 9F632AF418D099B700256407 /* PBXContainerItemProxy */;
		};
/* End PBXTargetDependency section */

/* Begin PBXVariantGroup section */
		9F632ADA18D099B700256407 /* InfoPlist.strings */ = {
			isa = PBXVariantGroup;
			children = (
				9F632ADB18D099B700256407 /* en */,
			);
			name = InfoPlist.strings;
			sourceTree = "<group>";
		};
		9F632AF918D099B700256407 /* InfoPlist.strings */ = {
			isa = PBXVariantGroup;
			children = (
				9F632AFA18D099B700256407 /* en */,
			);
			name = InfoPlist.strings;
			sourceTree = "<group>";
		};
/* End PBXVariantGroup section */

/* Begin XCBuildConfiguration section */
		9F632AFE18D099B700256407 /* Debug */ = {
			isa = XCBuildConfiguration;
			buildSettings = {
				ALWAYS_SEARCH_USER_PATHS = NO;
				ARCHS = "$(ARCHS_STANDARD_INCLUDING_64_BIT)";
				CLANG_CXX_LANGUAGE_STANDARD = "gnu++0x";
				CLANG_CXX_LIBRARY = "libc++";
				CLANG_ENABLE_MODULES = YES;
				CLANG_ENABLE_OBJC_ARC = YES;
				CLANG_WARN_BOOL_CONVERSION = YES;
				CLANG_WARN_CONSTANT_CONVERSION = YES;
				CLANG_WARN_DIRECT_OBJC_ISA_USAGE = YES_ERROR;
				CLANG_WARN_EMPTY_BODY = YES;
				CLANG_WARN_ENUM_CONVERSION = YES;
				CLANG_WARN_INT_CONVERSION = YES;
				CLANG_WARN_OBJC_ROOT_CLASS = YES_ERROR;
				CLANG_WARN__DUPLICATE_METHOD_MATCH = YES;
				"CODE_SIGN_IDENTITY[sdk=iphoneos*]" = "iPhone Developer";
				COPY_PHASE_STRIP = NO;
				GCC_C_LANGUAGE_STANDARD = gnu99;
				GCC_DYNAMIC_NO_PIC = NO;
				GCC_OPTIMIZATION_LEVEL = 0;
				GCC_PREPROCESSOR_DEFINITIONS = (
					"DEBUG=1",
					"$(inherited)",
				);
				GCC_SYMBOLS_PRIVATE_EXTERN = NO;
				GCC_WARN_64_TO_32_BIT_CONVERSION = YES;
				GCC_WARN_ABOUT_RETURN_TYPE = YES_ERROR;
				GCC_WARN_UNDECLARED_SELECTOR = YES;
				GCC_WARN_UNINITIALIZED_AUTOS = YES;
				GCC_WARN_UNUSED_FUNCTION = YES;
				GCC_WARN_UNUSED_VARIABLE = YES;
				IPHONEOS_DEPLOYMENT_TARGET = 7.0;
				ONLY_ACTIVE_ARCH = YES;
				SDKROOT = iphoneos;
			};
			name = Debug;
		};
		9F632AFF18D099B700256407 /* Release */ = {
			isa = XCBuildConfiguration;
			buildSettings = {
				ALWAYS_SEARCH_USER_PATHS = NO;
				ARCHS = "$(ARCHS_STANDARD_INCLUDING_64_BIT)";
				CLANG_CXX_LANGUAGE_STANDARD = "gnu++0x";
				CLANG_CXX_LIBRARY = "libc++";
				CLANG_ENABLE_MODULES = YES;
				CLANG_ENABLE_OBJC_ARC = YES;
				CLANG_WARN_BOOL_CONVERSION = YES;
				CLANG_WARN_CONSTANT_CONVERSION = YES;
				CLANG_WARN_DIRECT_OBJC_ISA_USAGE = YES_ERROR;
				CLANG_WARN_EMPTY_BODY = YES;
				CLANG_WARN_ENUM_CONVERSION = YES;
				CLANG_WARN_INT_CONVERSION = YES;
				CLANG_WARN_OBJC_ROOT_CLASS = YES_ERROR;
				CLANG_WARN__DUPLICATE_METHOD_MATCH = YES;
				"CODE_SIGN_IDENTITY[sdk=iphoneos*]" = "iPhone Developer";
				COPY_PHASE_STRIP = YES;
				ENABLE_NS_ASSERTIONS = NO;
				GCC_C_LANGUAGE_STANDARD = gnu99;
				GCC_WARN_64_TO_32_BIT_CONVERSION = YES;
				GCC_WARN_ABOUT_RETURN_TYPE = YES_ERROR;
				GCC_WARN_UNDECLARED_SELECTOR = YES;
				GCC_WARN_UNINITIALIZED_AUTOS = YES;
				GCC_WARN_UNUSED_FUNCTION = YES;
				GCC_WARN_UNUSED_VARIABLE = YES;
				IPHONEOS_DEPLOYMENT_TARGET = 7.0;
				SDKROOT = iphoneos;
				VALIDATE_PRODUCT = YES;
			};
			name = Release;
		};
		9F632B0118D099B700256407 /* Debug */ = {
			isa = XCBuildConfiguration;
			buildSettings = {
				ASSETCATALOG_COMPILER_APPICON_NAME = AppIcon;
				ASSETCATALOG_COMPILER_LAUNCHIMAGE_NAME = LaunchImage;
				GCC_PRECOMPILE_PREFIX_HEADER = YES;
				GCC_PREFIX_HEADER = "ASMailChimpDemo/ASMailChimpDemo-Prefix.pch";
				INFOPLIST_FILE = "ASMailChimpDemo/ASMailChimpDemo-Info.plist";
				PRODUCT_NAME = "$(TARGET_NAME)";
				TARGETED_DEVICE_FAMILY = 1;
				WRAPPER_EXTENSION = app;
			};
			name = Debug;
		};
		9F632B0218D099B700256407 /* Release */ = {
			isa = XCBuildConfiguration;
			buildSettings = {
				ASSETCATALOG_COMPILER_APPICON_NAME = AppIcon;
				ASSETCATALOG_COMPILER_LAUNCHIMAGE_NAME = LaunchImage;
				GCC_PRECOMPILE_PREFIX_HEADER = YES;
				GCC_PREFIX_HEADER = "ASMailChimpDemo/ASMailChimpDemo-Prefix.pch";
				INFOPLIST_FILE = "ASMailChimpDemo/ASMailChimpDemo-Info.plist";
				PRODUCT_NAME = "$(TARGET_NAME)";
				TARGETED_DEVICE_FAMILY = 1;
				WRAPPER_EXTENSION = app;
			};
			name = Release;
		};
		9F632B0418D099B700256407 /* Debug */ = {
			isa = XCBuildConfiguration;
			buildSettings = {
				ARCHS = "$(ARCHS_STANDARD_INCLUDING_64_BIT)";
				BUNDLE_LOADER = "$(BUILT_PRODUCTS_DIR)/ASMailChimpDemo.app/ASMailChimpDemo";
				FRAMEWORK_SEARCH_PATHS = (
					"$(SDKROOT)/Developer/Library/Frameworks",
					"$(inherited)",
					"$(DEVELOPER_FRAMEWORKS_DIR)",
				);
				GCC_PRECOMPILE_PREFIX_HEADER = YES;
				GCC_PREFIX_HEADER = "ASMailChimpDemo/ASMailChimpDemo-Prefix.pch";
				GCC_PREPROCESSOR_DEFINITIONS = (
					"DEBUG=1",
					"$(inherited)",
				);
				INFOPLIST_FILE = "ASMailChimpDemoTests/ASMailChimpDemoTests-Info.plist";
				PRODUCT_NAME = "$(TARGET_NAME)";
				TEST_HOST = "$(BUNDLE_LOADER)";
				WRAPPER_EXTENSION = xctest;
			};
			name = Debug;
		};
		9F632B0518D099B700256407 /* Release */ = {
			isa = XCBuildConfiguration;
			buildSettings = {
				ARCHS = "$(ARCHS_STANDARD_INCLUDING_64_BIT)";
				BUNDLE_LOADER = "$(BUILT_PRODUCTS_DIR)/ASMailChimpDemo.app/ASMailChimpDemo";
				FRAMEWORK_SEARCH_PATHS = (
					"$(SDKROOT)/Developer/Library/Frameworks",
					"$(inherited)",
					"$(DEVELOPER_FRAMEWORKS_DIR)",
				);
				GCC_PRECOMPILE_PREFIX_HEADER = YES;
				GCC_PREFIX_HEADER = "ASMailChimpDemo/ASMailChimpDemo-Prefix.pch";
				INFOPLIST_FILE = "ASMailChimpDemoTests/ASMailChimpDemoTests-Info.plist";
				PRODUCT_NAME = "$(TARGET_NAME)";
				TEST_HOST = "$(BUNDLE_LOADER)";
				WRAPPER_EXTENSION = xctest;
			};
			name = Release;
		};
/* End XCBuildConfiguration section */

/* Begin XCConfigurationList section */
		9F632AC918D099B700256407 /* Build configuration list for PBXProject "ASMailChimpDemo" */ = {
			isa = XCConfigurationList;
			buildConfigurations = (
				9F632AFE18D099B700256407 /* Debug */,
				9F632AFF18D099B700256407 /* Release */,
			);
			defaultConfigurationIsVisible = 0;
			defaultConfigurationName = Release;
		};
		9F632B0018D099B700256407 /* Build configuration list for PBXNativeTarget "ASMailChimpDemo" */ = {
			isa = XCConfigurationList;
			buildConfigurations = (
				9F632B0118D099B700256407 /* Debug */,
				9F632B0218D099B700256407 /* Release */,
			);
			defaultConfigurationIsVisible = 0;
			defaultConfigurationName = Release;
		};
		9F632B0318D099B700256407 /* Build configuration list for PBXNativeTarget "ASMailChimpDemoTests" */ = {
			isa = XCConfigurationList;
			buildConfigurations = (
				9F632B0418D099B700256407 /* Debug */,
				9F632B0518D099B700256407 /* Release */,
			);
			defaultConfigurationIsVisible = 0;
			defaultConfigurationName = Release;
		};
/* End XCConfigurationList section */
	};
	rootObject = 9F632AC618D099B700256407 /* Project object */;
}
